
Microsoft Visual Studio Solution File, Format Version 12.00
# Visual Studio Version 17
VisualStudioVersion = 17.2.32616.157
MinimumVisualStudioVersion = 10.0.40219.1
Project("{FAE04EC0-301F-11D3-BF4B-00C04F79EFBC}") = "Module9HomeWork19", "Module9HomeWork19\Module9HomeWork19.csproj", "{587FF7D2-0DAD-4BB5-B888-BB869C930235}"
EndProject
Global
	GlobalSection(SolutionConfigurationPlatforms) = preSolution
		Debug|Any CPU = Debug|Any CPU
		Release|Any CPU = Release|Any CPU
	EndGlobalSection
	GlobalSection(ProjectConfigurationPlatforms) = postSolution
		{587FF7D2-0DAD-4BB5-B888-BB869C930235}.Debug|Any CPU.ActiveCfg = Debug|Any CPU
		{587FF7D2-0DAD-4BB5-B888-BB869C930235}.Debug|Any CPU.Build.0 = Debug|Any CPU
		{587FF7D2-0DAD-4BB5-B888-BB869C930235}.Release|Any CPU.ActiveCfg = Release|Any CPU
		{587FF7D2-0DAD-4BB5-B888-BB869C930235}.Release|Any CPU.Build.0 = Release|Any CPU
	EndGlobalSection
	GlobalSection(SolutionProperties) = preSolution
		HideSolutionNode = FALSE
	EndGlobalSection
	GlobalSection(ExtensibilityGlobals) = postSolution
		SolutionGuid = {291308AB-038F-4F65-994A-B756F7352A2C}
	EndGlobalSection
EndGlobal
